
Microsoft Visual Studio Solution File, Format Version 11.00
# Visual Studio 2010
Project("{8BC9CEB8-8B4A-11D0-8D11-00A0C91BC942}") = "LibraryManager", "LibraryManager\LibraryManager.vcxproj", "{F05B1205-A217-4FC8-B461-B24AEEC5B0EA}"
EndProject
Global
	GlobalSection(SolutionConfigurationPlatforms) = preSolution
		Debug|Win32 = Debug|Win32
		Release|Win32 = Release|Win32
	EndGlobalSection
	GlobalSection(ProjectConfigurationPlatforms) = postSolution
		{F05B1205-A217-4FC8-B461-B24AEEC5B0EA}.Debug|Win32.ActiveCfg = Debug|x64
		{F05B1205-A217-4FC8-B461-B24AEEC5B0EA}.Debug|Win32.Build.0 = Debug|x64
		{F05B1205-A217-4FC8-B461-B24AEEC5B0EA}.Release|Win32.ActiveCfg = Release|Win32
		{F05B1205-A217-4FC8-B461-B24AEEC5B0EA}.Release|Win32.Build.0 = Release|Win32
	EndGlobalSection
	GlobalSection(SolutionProperties) = preSolution
		HideSolutionNode = FALSE
	EndGlobalSection
EndGlobal
